
Microsoft Visual Studio Solution File, Format Version 12.00
# Visual Studio Version 16
VisualStudioVersion = 16.0.30611.23
MinimumVisualStudioVersion = 10.0.40219.1
Project("{FAE04EC0-301F-11D3-BF4B-00C04F79EFBC}") = "App_DsTareas.UWP", "App_DsTareas.UWP\App_DsTareas.UWP.csproj", "{E6E46D71-BAFD-47B2-8C66-1BB6E2A4BA75}"
EndProject
Project("{FAE04EC0-301F-11D3-BF4B-00C04F79EFBC}") = "App_DsTareas.Android", "App_DsTareas.Android\App_DsTareas.Android.csproj", "{77ADAE45-2494-4DBB-896E-4DA144B647A2}"
EndProject
Project("{FAE04EC0-301F-11D3-BF4B-00C04F79EFBC}") = "App_DsTareas.iOS", "App_DsTareas.iOS\App_DsTareas.iOS.csproj", "{A0E4CD6B-7833-4B61-9FB8-E6ECFC4D4070}"
EndProject
Project("{FAE04EC0-301F-11D3-BF4B-00C04F79EFBC}") = "App_DsTareas", "App_DsTareas\App_DsTareas.csproj", "{3F81E88C-9262-42F0-8897-38CF30ED0E88}"
EndProject
Global
	GlobalSection(SolutionConfigurationPlatforms) = preSolution
		Debug|Any CPU = Debug|Any CPU
		Debug|ARM = Debug|ARM
		Debug|iPhone = Debug|iPhone
		Debug|iPhoneSimulator = Debug|iPhoneSimulator
		Debug|x64 = Debug|x64
		Debug|x86 = Debug|x86
		Release|Any CPU = Release|Any CPU
		Release|ARM = Release|ARM
		Release|iPhone = Release|iPhone
		Release|iPhoneSimulator = Release|iPhoneSimulator
		Release|x64 = Release|x64
		Release|x86 = Release|x86
	EndGlobalSection
	GlobalSection(ProjectConfigurationPlatforms) = postSolution
		{E6E46D71-BAFD-47B2-8C66-1BB6E2A4BA75}.Debug|Any CPU.ActiveCfg = Debug|x86
		{E6E46D71-BAFD-47B2-8C66-1BB6E2A4BA75}.Debug|Any CPU.Build.0 = Debug|x86
		{E6E46D71-BAFD-47B2-8C66-1BB6E2A4BA75}.Debug|Any CPU.Deploy.0 = Debug|x86
		{E6E46D71-BAFD-47B2-8C66-1BB6E2A4BA75}.Debug|ARM.ActiveCfg = Debug|ARM
		{E6E46D71-BAFD-47B2-8C66-1BB6E2A4BA75}.Debug|ARM.Build.0 = Debug|ARM
		{E6E46D71-BAFD-47B2-8C66-1BB6E2A4BA75}.Debug|ARM.Deploy.0 = Debug|ARM
		{E6E46D71-BAFD-47B2-8C66-1BB6E2A4BA75}.Debug|iPhone.ActiveCfg = Debug|x86
		{E6E46D71-BAFD-47B2-8C66-1BB6E2A4BA75}.Debug|iPhone.Build.0 = Debug|x86
		{E6E46D71-BAFD-47B2-8C66-1BB6E2A4BA75}.Debug|iPhone.Deploy.0 = Debug|x86
		{E6E46D71-BAFD-47B2-8C66-1BB6E2A4BA75}.Debug|iPhoneSimulator.ActiveCfg = Debug|x86
		{E6E46D71-BAFD-47B2-8C66-1BB6E2A4BA75}.Debug|iPhoneSimulator.Build.0 = Debug|x86
		{E6E46D71-BAFD-47B2-8C66-1BB6E2A4BA75}.Debug|iPhoneSimulator.Deploy.0 = Debug|x86
		{E6E46D71-BAFD-47B2-8C66-1BB6E2A4BA75}.Debug|x64.ActiveCfg = Debug|x64
		{E6E46D71-BAFD-47B2-8C66-1BB6E2A4BA75}.Debug|x64.Build.0 = Debug|x64
		{E6E46D71-BAFD-47B2-8C66-1BB6E2A4BA75}.Debug|x64.Deploy.0 = Debug|x64
		{E6E46D71-BAFD-47B2-8C66-1BB6E2A4BA75}.Debug|x86.ActiveCfg = Debug|x86
		{E6E46D71-BAFD-47B2-8C66-1BB6E2A4BA75}.Debug|x86.Build.0 = Debug|x86
		{E6E46D71-BAFD-47B2-8C66-1BB6E2A4BA75}.Debug|x86.Deploy.0 = Debug|x86
		{E6E46D71-BAFD-47B2-8C66-1BB6E2A4BA75}.Release|Any CPU.ActiveCfg = Release|x86
		{E6E46D71-BAFD-47B2-8C66-1BB6E2A4BA75}.Release|Any CPU.Build.0 = Release|x86
		{E6E46D71-BAFD-47B2-8C66-1BB6E2A4BA75}.Release|Any CPU.Deploy.0 = Release|x86
		{E6E46D71-BAFD-47B2-8C66-1BB6E2A4BA75}.Release|ARM.ActiveCfg = Release|ARM
		{E6E46D71-BAFD-47B2-8C66-1BB6E2A4BA75}.Release|ARM.Build.0 = Release|ARM
		{E6E46D71-BAFD-47B2-8C66-1BB6E2A4BA75}.Release|ARM.Deploy.0 = Release|ARM
		{E6E46D71-BAFD-47B2-8C66-1BB6E2A4BA75}.Release|iPhone.ActiveCfg = Release|x86
		{E6E46D71-BAFD-47B2-8C66-1BB6E2A4BA75}.Release|iPhone.Build.0 = Release|x86
		{E6E46D71-BAFD-47B2-8C66-1BB6E2A4BA75}.Release|iPhone.Deploy.0 = Release|x86
		{E6E46D71-BAFD-47B2-8C66-1BB6E2A4BA75}.Release|iPhoneSimulator.ActiveCfg = Release|x86
		{E6E46D71-BAFD-47B2-8C66-1BB6E2A4BA75}.Release|iPhoneSimulator.Build.0 = Release|x86
		{E6E46D71-BAFD-47B2-8C66-1BB6E2A4BA75}.Release|iPhoneSimulator.Deploy.0 = Release|x86
		{E6E46D71-BAFD-47B2-8C66-1BB6E2A4BA75}.Release|x64.ActiveCfg = Release|x64
		{E6E46D71-BAFD-47B2-8C66-1BB6E2A4BA75}.Release|x64.Build.0 = Release|x64
		{E6E46D71-BAFD-47B2-8C66-1BB6E2A4BA75}.Release|x64.Deploy.0 = Release|x64
		{E6E46D71-BAFD-47B2-8C66-1BB6E2A4BA75}.Release|x86.ActiveCfg = Release|x86
		{E6E46D71-BAFD-47B2-8C66-1BB6E2A4BA75}.Release|x86.Build.0 = Release|x86
		{E6E46D71-BAFD-47B2-8C66-1BB6E2A4BA75}.Release|x86.Deploy.0 = Release|x86
		{77ADAE45-2494-4DBB-896E-4DA144B647A2}.Debug|Any CPU.ActiveCfg = Debug|Any CPU
		{77ADAE45-2494-4DBB-896E-4DA144B647A2}.Debug|Any CPU.Build.0 = Debug|Any CPU
		{77ADAE45-2494-4DBB-896E-4DA144B647A2}.Debug|Any CPU.Deploy.0 = Debug|Any CPU
		{77ADAE45-2494-4DBB-896E-4DA144B647A2}.Debug|ARM.ActiveCfg = Debug|Any CPU
		{77ADAE45-2494-4DBB-896E-4DA144B647A2}.Debug|ARM.Build.0 = Debug|Any CPU
		{77ADAE45-2494-4DBB-896E-4DA144B647A2}.Debug|ARM.Deploy.0 = Debug|Any CPU
		{77ADAE45-2494-4DBB-896E-4DA144B647A2}.Debug|iPhone.ActiveCfg = Debug|Any CPU
		{77ADAE45-2494-4DBB-896E-4DA144B647A2}.Debug|iPhone.Build.0 = Debug|Any CPU
		{77ADAE45-2494-4DBB-896E-4DA144B647A2}.Debug|iPhone.Deploy.0 = Debug|Any CPU
		{77ADAE45-2494-4DBB-896E-4DA144B647A2}.Debug|iPhoneSimulator.ActiveCfg = Debug|Any CPU
		{77ADAE45-2494-4DBB-896E-4DA144B647A2}.Debug|iPhoneSimulator.Build.0 = Debug|Any CPU
		{77ADAE45-2494-4DBB-896E-4DA144B647A2}.Debug|iPhoneSimulator.Deploy.0 = Debug|Any CPU
		{77ADAE45-2494-4DBB-896E-4DA144B647A2}.Debug|x64.ActiveCfg = Debug|Any CPU
		{77ADAE45-2494-4DBB-896E-4DA144B647A2}.Debug|x64.Build.0 = Debug|Any CPU
		{77ADAE45-2494-4DBB-896E-4DA144B647A2}.Debug|x64.Deploy.0 = Debug|Any CPU
		{77ADAE45-2494-4DBB-896E-4DA144B647A2}.Debug|x86.ActiveCfg = Debug|Any CPU
		{77ADAE45-2494-4DBB-896E-4DA144B647A2}.Debug|x86.Build.0 = Debug|Any CPU
		{77ADAE45-2494-4DBB-896E-4DA144B647A2}.Debug|x86.Deploy.0 = Debug|Any CPU
		{77ADAE45-2494-4DBB-896E-4DA144B647A2}.Release|Any CPU.ActiveCfg = Release|Any CPU
		{77ADAE45-2494-4DBB-896E-4DA144B647A2}.Release|Any CPU.Build.0 = Release|Any CPU
		{77ADAE45-2494-4DBB-896E-4DA144B647A2}.Release|Any CPU.Deploy.0 = Release|Any CPU
		{77ADAE45-2494-4DBB-896E-4DA144B647A2}.Release|ARM.ActiveCfg = Release|Any CPU
		{77ADAE45-2494-4DBB-896E-4DA144B647A2}.Release|ARM.Build.0 = Release|Any CPU
		{77ADAE45-2494-4DBB-896E-4DA144B647A2}.Release|ARM.Deploy.0 = Release|Any CPU
		{77ADAE45-2494-4DBB-896E-4DA144B647A2}.Release|iPhone.ActiveCfg = Release|Any CPU
		{77ADAE45-2494-4DBB-896E-4DA144B647A2}.Release|iPhone.Build.0 = Release|Any CPU
		{77ADAE45-2494-4DBB-896E-4DA144B647A2}.Release|iPhone.Deploy.0 = Release|Any CPU
		{77ADAE45-2494-4DBB-896E-4DA144B647A2}.Release|iPhoneSimulator.ActiveCfg = Release|Any CPU
		{77ADAE45-2494-4DBB-896E-4DA144B647A2}.Release|iPhoneSimulator.Build.0 = Release|Any CPU
		{77ADAE45-2494-4DBB-896E-4DA144B647A2}.Release|iPhoneSimulator.Deploy.0 = Release|Any CPU
		{77ADAE45-2494-4DBB-896E-4DA144B647A2}.Release|x64.ActiveCfg = Release|Any CPU
		{77ADAE45-2494-4DBB-896E-4DA144B647A2}.Release|x64.Build.0 = Release|Any CPU
		{77ADAE45-2494-4DBB-896E-4DA144B647A2}.Release|x64.Deploy.0 = Release|Any CPU
		{77ADAE45-2494-4DBB-896E-4DA144B647A2}.Release|x86.ActiveCfg = Release|Any CPU
		{77ADAE45-2494-4DBB-896E-4DA144B647A2}.Release|x86.Build.0 = Release|Any CPU
		{77ADAE45-2494-4DBB-896E-4DA144B647A2}.Release|x86.Deploy.0 = Release|Any CPU
		{A0E4CD6B-7833-4B61-9FB8-E6ECFC4D4070}.Debug|Any CPU.ActiveCfg = Debug|iPhoneSimulator
		{A0E4CD6B-7833-4B61-9FB8-E6ECFC4D4070}.Debug|Any CPU.Build.0 = Debug|iPhoneSimulator
		{A0E4CD6B-7833-4B61-9FB8-E6ECFC4D4070}.Debug|Any CPU.Deploy.0 = Debug|iPhoneSimulator
		{A0E4CD6B-7833-4B61-9FB8-E6ECFC4D4070}.Debug|ARM.ActiveCfg = Debug|iPhone
		{A0E4CD6B-7833-4B61-9FB8-E6ECFC4D4070}.Debug|ARM.Build.0 = Debug|iPhone
		{A0E4CD6B-7833-4B61-9FB8-E6ECFC4D4070}.Debug|ARM.Deploy.0 = Debug|iPhone
		{A0E4CD6B-7833-4B61-9FB8-E6ECFC4D4070}.Debug|iPhone.ActiveCfg = Debug|iPhone
		{A0E4CD6B-7833-4B61-9FB8-E6ECFC4D4070}.Debug|iPhone.Build.0 = Debug|iPhone
		{A0E4CD6B-7833-4B61-9FB8-E6ECFC4D4070}.Debug|iPhone.Deploy.0 = Debug|iPhone
		{A0E4CD6B-7833-4B61-9FB8-E6ECFC4D4070}.Debug|iPhoneSimulator.ActiveCfg = Debug|iPhoneSimulator
		{A0E4CD6B-7833-4B61-9FB8-E6ECFC4D4070}.Debug|iPhoneSimulator.Build.0 = Debug|iPhoneSimulator
		{A0E4CD6B-7833-4B61-9FB8-E6ECFC4D4070}.Debug|iPhoneSimulator.Deploy.0 = Debug|iPhoneSimulator
		{A0E4CD6B-7833-4B61-9FB8-E6ECFC4D4070}.Debug|x64.ActiveCfg = Debug|iPhoneSimulator
		{A0E4CD6B-7833-4B61-9FB8-E6ECFC4D4070}.Debug|x64.Build.0 = Debug|iPhoneSimulator
		{A0E4CD6B-7833-4B61-9FB8-E6ECFC4D4070}.Debug|x64.Deploy.0 = Debug|iPhoneSimulator
		{A0E4CD6B-7833-4B61-9FB8-E6ECFC4D4070}.Debug|x86.ActiveCfg = Debug|iPhoneSimulator
		{A0E4CD6B-7833-4B61-9FB8-E6ECFC4D4070}.Debug|x86.Build.0 = Debug|iPhoneSimulator
		{A0E4CD6B-7833-4B61-9FB8-E6ECFC4D4070}.Debug|x86.Deploy.0 = Debug|iPhoneSimulator
		{A0E4CD6B-7833-4B61-9FB8-E6ECFC4D4070}.Release|Any CPU.ActiveCfg = Release|iPhoneSimulator
		{A0E4CD6B-7833-4B61-9FB8-E6ECFC4D4070}.Release|Any CPU.Build.0 = Release|iPhoneSimulator
		{A0E4CD6B-7833-4B61-9FB8-E6ECFC4D4070}.Release|Any CPU.Deploy.0 = Release|iPhoneSimulator
		{A0E4CD6B-7833-4B61-9FB8-E6ECFC4D4070}.Release|ARM.ActiveCfg = Release|iPhoneSimulator
		{A0E4CD6B-7833-4B61-9FB8-E6ECFC4D4070}.Release|ARM.Build.0 = Release|iPhoneSimulator
		{A0E4CD6B-7833-4B61-9FB8-E6ECFC4D4070}.Release|ARM.Deploy.0 = Release|iPhoneSimulator
		{A0E4CD6B-7833-4B61-9FB8-E6ECFC4D4070}.Release|iPhone.ActiveCfg = Release|iPhone
		{A0E4CD6B-7833-4B61-9FB8-E6ECFC4D4070}.Release|iPhone.Build.0 = Release|iPhone
		{A0E4CD6B-7833-4B61-9FB8-E6ECFC4D4070}.Release|iPhone.Deploy.0 = Release|iPhone
		{A0E4CD6B-7833-4B61-9FB8-E6ECFC4D4070}.Release|iPhoneSimulator.ActiveCfg = Release|iPhoneSimulator
		{A0E4CD6B-7833-4B61-9FB8-E6ECFC4D4070}.Release|iPhoneSimulator.Build.0 = Release|iPhoneSimulator
		{A0E4CD6B-7833-4B61-9FB8-E6ECFC4D4070}.Release|iPhoneSimulator.Deploy.0 = Release|iPhoneSimulator
		{A0E4CD6B-7833-4B61-9FB8-E6ECFC4D4070}.Release|x64.ActiveCfg = Release|iPhoneSimulator
		{A0E4CD6B-7833-4B61-9FB8-E6ECFC4D4070}.Release|x64.Build.0 = Release|iPhoneSimulator
		{A0E4CD6B-7833-4B61-9FB8-E6ECFC4D4070}.Release|x64.Deploy.0 = Release|iPhoneSimulator
		{A0E4CD6B-7833-4B61-9FB8-E6ECFC4D4070}.Release|x86.ActiveCfg = Release|iPhoneSimulator
		{A0E4CD6B-7833-4B61-9FB8-E6ECFC4D4070}.Release|x86.Build.0 = Release|iPhoneSimulator
		{A0E4CD6B-7833-4B61-9FB8-E6ECFC4D4070}.Release|x86.Deploy.0 = Release|iPhoneSimulator
		{3F81E88C-9262-42F0-8897-38CF30ED0E88}.Debug|Any CPU.ActiveCfg = Debug|Any CPU
		{3F81E88C-9262-42F0-8897-38CF30ED0E88}.Debug|Any CPU.Build.0 = Debug|Any CPU
		{3F81E88C-9262-42F0-8897-38CF30ED0E88}.Debug|Any CPU.Deploy.0 = Debug|Any CPU
		{3F81E88C-9262-42F0-8897-38CF30ED0E88}.Debug|ARM.ActiveCfg = Debug|Any CPU
		{3F81E88C-9262-42F0-8897-38CF30ED0E88}.Debug|ARM.Build.0 = Debug|Any CPU
		{3F81E88C-9262-42F0-8897-38CF30ED0E88}.Debug|ARM.Deploy.0 = Debug|Any CPU
		{3F81E88C-9262-42F0-8897-38CF30ED0E88}.Debug|iPhone.ActiveCfg = Debug|Any CPU
		{3F81E88C-9262-42F0-8897-38CF30ED0E88}.Debug|iPhone.Build.0 = Debug|Any CPU
		{3F81E88C-9262-42F0-8897-38CF30ED0E88}.Debug|iPhone.Deploy.0 = Debug|Any CPU
		{3F81E88C-9262-42F0-8897-38CF30ED0E88}.Debug|iPhoneSimulator.ActiveCfg = Debug|Any CPU
		{3F81E88C-9262-42F0-8897-38CF30ED0E88}.Debug|iPhoneSimulator.Build.0 = Debug|Any CPU
		{3F81E88C-9262-42F0-8897-38CF30ED0E88}.Debug|iPhoneSimulator.Deploy.0 = Debug|Any CPU
		{3F81E88C-9262-42F0-8897-38CF30ED0E88}.Debug|x64.ActiveCfg = Debug|Any CPU
		{3F81E88C-9262-42F0-8897-38CF30ED0E88}.Debug|x64.Build.0 = Debug|Any CPU
		{3F81E88C-9262-42F0-8897-38CF30ED0E88}.Debug|x64.Deploy.0 = Debug|Any CPU
		{3F81E88C-9262-42F0-8897-38CF30ED0E88}.Debug|x86.ActiveCfg = Debug|Any CPU
		{3F81E88C-9262-42F0-8897-38CF30ED0E88}.Debug|x86.Build.0 = Debug|Any CPU
		{3F81E88C-9262-42F0-8897-38CF30ED0E88}.Debug|x86.Deploy.0 = Debug|Any CPU
		{3F81E88C-9262-42F0-8897-38CF30ED0E88}.Release|Any CPU.ActiveCfg = Release|Any CPU
		{3F81E88C-9262-42F0-8897-38CF30ED0E88}.Release|Any CPU.Build.0 = Release|Any CPU
		{3F81E88C-9262-42F0-8897-38CF30ED0E88}.Release|Any CPU.Deploy.0 = Release|Any CPU
		{3F81E88C-9262-42F0-8897-38CF30ED0E88}.Release|ARM.ActiveCfg = Release|Any CPU
		{3F81E88C-9262-42F0-8897-38CF30ED0E88}.Release|ARM.Build.0 = Release|Any CPU
		{3F81E88C-9262-42F0-8897-38CF30ED0E88}.Release|ARM.Deploy.0 = Release|Any CPU
		{3F81E88C-9262-42F0-8897-38CF30ED0E88}.Release|iPhone.ActiveCfg = Release|Any CPU
		{3F81E88C-9262-42F0-8897-38CF30ED0E88}.Release|iPhone.Build.0 = Release|Any CPU
		{3F81E88C-9262-42F0-8897-38CF30ED0E88}.Release|iPhone.Deploy.0 = Release|Any CPU
		{3F81E88C-9262-42F0-8897-38CF30ED0E88}.Release|iPhoneSimulator.ActiveCfg = Release|Any CPU
		{3F81E88C-9262-42F0-8897-38CF30ED0E88}.Release|iPhoneSimulator.Build.0 = Release|Any CPU
		{3F81E88C-9262-42F0-8897-38CF30ED0E88}.Release|iPhoneSimulator.Deploy.0 = Release|Any CPU
		{3F81E88C-9262-42F0-8897-38CF30ED0E88}.Release|x64.ActiveCfg = Release|Any CPU
		{3F81E88C-9262-42F0-8897-38CF30ED0E88}.Release|x64.Build.0 = Release|Any CPU
		{3F81E88C-9262-42F0-8897-38CF30ED0E88}.Release|x64.Deploy.0 = Release|Any CPU
		{3F81E88C-9262-42F0-8897-38CF30ED0E88}.Release|x86.ActiveCfg = Release|Any CPU
		{3F81E88C-9262-42F0-8897-38CF30ED0E88}.Release|x86.Build.0 = Release|Any CPU
		{3F81E88C-9262-42F0-8897-38CF30ED0E88}.Release|x86.Deploy.0 = Release|Any CPU
	EndGlobalSection
	GlobalSection(SolutionProperties) = preSolution
		HideSolutionNode = FALSE
	EndGlobalSection
	GlobalSection(ExtensibilityGlobals) = postSolution
		SolutionGuid = {24166624-0639-4811-A5F7-BF3C0A00AF86}
	EndGlobalSection
EndGlobal
